// !$*UTF8*$!
{
	archiveVersion = 1;
	classes = {
	};
	objectVersion = 50;
	objects = {

/* Begin PBXBuildFile section */
		363D92CC24645E8A005276AB /* Question.swift in Sources */ = {isa = PBXBuildFile; fileRef = 363D92CB24645E8A005276AB /* Question.swift */; };
		363D92CE24645E9F005276AB /* QuizBrain.swift in Sources */ = {isa = PBXBuildFile; fileRef = 363D92CD24645E9F005276AB /* QuizBrain.swift */; };
		368F926C2457B618003683C1 /* Montserrat-Thin.ttf in Resources */ = {isa = PBXBuildFile; fileRef = 368F925A2457B617003683C1 /* Montserrat-Thin.ttf */; };
		368F926D2457B618003683C1 /* Montserrat-SemiBoldItalic.ttf in Resources */ = {isa = PBXBuildFile; fileRef = 368F925B2457B617003683C1 /* Montserrat-SemiBoldItalic.ttf */; };
		368F926E2457B618003683C1 /* Montserrat-ThinItalic.ttf in Resources */ = {isa = PBXBuildFile; fileRef = 368F925C2457B617003683C1 /* Montserrat-ThinItalic.ttf */; };
		368F926F2457B618003683C1 /* Montserrat-Regular.ttf in Resources */ = {isa = PBXBuildFile; fileRef = 368F925D2457B617003683C1 /* Montserrat-Regular.ttf */; };
		368F92702457B618003683C1 /* Montserrat-ExtraLightItalic.ttf in Resources */ = {isa = PBXBuildFile; fileRef = 368F925E2457B617003683C1 /* Montserrat-ExtraLightItalic.ttf */; };
		368F92712457B618003683C1 /* Montserrat-Bold.ttf in Resources */ = {isa = PBXBuildFile; fileRef = 368F925F2457B617003683C1 /* Montserrat-Bold.ttf */; };
		368F92722457B618003683C1 /* Montserrat-MediumItalic.ttf in Resources */ = {isa = PBXBuildFile; fileRef = 368F92602457B617003683C1 /* Montserrat-MediumItalic.ttf */; };
		368F92732457B618003683C1 /* Montserrat-Medium.ttf in Resources */ = {isa = PBXBuildFile; fileRef = 368F92612457B617003683C1 /* Montserrat-Medium.ttf */; };
		368F92742457B618003683C1 /* Montserrat-ExtraBold.ttf in Resources */ = {isa = PBXBuildFile; fileRef = 368F92622457B617003683C1 /* Montserrat-ExtraBold.ttf */; };
		368F92752457B618003683C1 /* Montserrat-BoldItalic.ttf in Resources */ = {isa = PBXBuildFile; fileRef = 368F92632457B618003683C1 /* Montserrat-BoldItalic.ttf */; };
		368F92762457B618003683C1 /* Montserrat-SemiBold.ttf in Resources */ = {isa = PBXBuildFile; fileRef = 368F92642457B618003683C1 /* Montserrat-SemiBold.ttf */; };
		368F92772457B618003683C1 /* Montserrat-ExtraLight.ttf in Resources */ = {isa = PBXBuildFile; fileRef = 368F92652457B618003683C1 /* Montserrat-ExtraLight.ttf */; };
		368F92782457B618003683C1 /* Montserrat-LightItalic.ttf in Resources */ = {isa = PBXBuildFile; fileRef = 368F92662457B618003683C1 /* Montserrat-LightItalic.ttf */; };
		368F92792457B618003683C1 /* Montserrat-BlackItalic.ttf in Resources */ = {isa = PBXBuildFile; fileRef = 368F92672457B618003683C1 /* Montserrat-BlackItalic.ttf */; };
		368F927A2457B618003683C1 /* Montserrat-Light.ttf in Resources */ = {isa = PBXBuildFile; fileRef = 368F92682457B618003683C1 /* Montserrat-Light.ttf */; };
		368F927B2457B618003683C1 /* Montserrat-Italic.ttf in Resources */ = {isa = PBXBuildFile; fileRef = 368F92692457B618003683C1 /* Montserrat-Italic.ttf */; };
		368F927C2457B618003683C1 /* Montserrat-Black.ttf in Resources */ = {isa = PBXBuildFile; fileRef = 368F926A2457B618003683C1 /* Montserrat-Black.ttf */; };
		368F927D2457B618003683C1 /* Montserrat-ExtraBoldItalic.ttf in Resources */ = {isa = PBXBuildFile; fileRef = 368F926B2457B618003683C1 /* Montserrat-ExtraBoldItalic.ttf */; };
		36933E8924576DA600326E67 /* AppDelegate.swift in Sources */ = {isa = PBXBuildFile; fileRef = 36933E8824576DA600326E67 /* AppDelegate.swift */; };
		36933E8B24576DA600326E67 /* SceneDelegate.swift in Sources */ = {isa = PBXBuildFile; fileRef = 36933E8A24576DA600326E67 /* SceneDelegate.swift */; };
		36933E8D24576DA600326E67 /* StartViewController.swift in Sources */ = {isa = PBXBuildFile; fileRef = 36933E8C24576DA600326E67 /* StartViewController.swift */; };
		36933E9024576DA600326E67 /* Main.storyboard in Resources */ = {isa = PBXBuildFile; fileRef = 36933E8E24576DA600326E67 /* Main.storyboard */; };
		36933E9224576DAA00326E67 /* Assets.xcassets in Resources */ = {isa = PBXBuildFile; fileRef = 36933E9124576DAA00326E67 /* Assets.xcassets */; };
		36933E9524576DAA00326E67 /* LaunchScreen.storyboard in Resources */ = {isa = PBXBuildFile; fileRef = 36933E9324576DAA00326E67 /* LaunchScreen.storyboard */; };
		36DF8AD324630E20009C4F7C /* QuizViewController.swift in Sources */ = {isa = PBXBuildFile; fileRef = 36DF8AD224630E20009C4F7C /* QuizViewController.swift */; };
		36DF8AD524630E32009C4F7C /* ScoreViewController.swift in Sources */ = {isa = PBXBuildFile; fileRef = 36DF8AD424630E32009C4F7C /* ScoreViewController.swift */; };
/* End PBXBuildFile section */

/* Begin PBXFileReference section */
		363D92CB24645E8A005276AB /* Question.swift */ = {isa = PBXFileReference; lastKnownFileType = sourcecode.swift; path = Question.swift; sourceTree = "<group>"; };
		363D92CD24645E9F005276AB /* QuizBrain.swift */ = {isa = PBXFileReference; lastKnownFileType = sourcecode.swift; path = QuizBrain.swift; sourceTree = "<group>"; };
		368F925A2457B617003683C1 /* Montserrat-Thin.ttf */ = {isa = PBXFileReference; lastKnownFileType = file; path = "Montserrat-Thin.ttf"; sourceTree = "<group>"; };
		368F925B2457B617003683C1 /* Montserrat-SemiBoldItalic.ttf */ = {isa = PBXFileReference; lastKnownFileType = file; path = "Montserrat-SemiBoldItalic.ttf"; sourceTree = "<group>"; };
		368F925C2457B617003683C1 /* Montserrat-ThinItalic.ttf */ = {isa = PBXFileReference; lastKnownFileType = file; path = "Montserrat-ThinItalic.ttf"; sourceTree = "<group>"; };
		368F925D2457B617003683C1 /* Montserrat-Regular.ttf */ = {isa = PBXFileReference; lastKnownFileType = file; path = "Montserrat-Regular.ttf"; sourceTree = "<group>"; };
		368F925E2457B617003683C1 /* Montserrat-ExtraLightItalic.ttf */ = {isa = PBXFileReference; lastKnownFileType = file; path = "Montserrat-ExtraLightItalic.ttf"; sourceTree = "<group>"; };
		368F925F2457B617003683C1 /* Montserrat-Bold.ttf */ = {isa = PBXFileReference; lastKnownFileType = file; path = "Montserrat-Bold.ttf"; sourceTree = "<group>"; };
		368F92602457B617003683C1 /* Montserrat-MediumItalic.ttf */ = {isa = PBXFileReference; lastKnownFileType = file; path = "Montserrat-MediumItalic.ttf"; sourceTree = "<group>"; };
		368F92612457B617003683C1 /* Montserrat-Medium.ttf */ = {isa = PBXFileReference; lastKnownFileType = file; path = "Montserrat-Medium.ttf"; sourceTree = "<group>"; };
		368F92622457B617003683C1 /* Montserrat-ExtraBold.ttf */ = {isa = PBXFileReference; lastKnownFileType = file; path = "Montserrat-ExtraBold.ttf"; sourceTree = "<group>"; };
		368F92632457B618003683C1 /* Montserrat-BoldItalic.ttf */ = {isa = PBXFileReference; lastKnownFileType = file; path = "Montserrat-BoldItalic.ttf"; sourceTree = "<group>"; };
		368F92642457B618003683C1 /* Montserrat-SemiBold.ttf */ = {isa = PBXFileReference; lastKnownFileType = file; path = "Montserrat-SemiBold.ttf"; sourceTree = "<group>"; };
		368F92652457B618003683C1 /* Montserrat-ExtraLight.ttf */ = {isa = PBXFileReference; lastKnownFileType = file; path = "Montserrat-ExtraLight.ttf"; sourceTree = "<group>"; };
		368F92662457B618003683C1 /* Montserrat-LightItalic.ttf */ = {isa = PBXFileReference; lastKnownFileType = file; path = "Montserrat-LightItalic.ttf"; sourceTree = "<group>"; };
		368F92672457B618003683C1 /* Montserrat-BlackItalic.ttf */ = {isa = PBXFileReference; lastKnownFileType = file; path = "Montserrat-BlackItalic.ttf"; sourceTree = "<group>"; };
		368F92682457B618003683C1 /* Montserrat-Light.ttf */ = {isa = PBXFileReference; lastKnownFileType = file; path = "Montserrat-Light.ttf"; sourceTree = "<group>"; };
		368F92692457B618003683C1 /* Montserrat-Italic.ttf */ = {isa = PBXFileReference; lastKnownFileType = file; path = "Montserrat-Italic.ttf"; sourceTree = "<group>"; };
		368F926A2457B618003683C1 /* Montserrat-Black.ttf */ = {isa = PBXFileReference; lastKnownFileType = file; path = "Montserrat-Black.ttf"; sourceTree = "<group>"; };
		368F926B2457B618003683C1 /* Montserrat-ExtraBoldItalic.ttf */ = {isa = PBXFileReference; lastKnownFileType = file; path = "Montserrat-ExtraBoldItalic.ttf"; sourceTree = "<group>"; };
		36933E8524576DA600326E67 /* oh my quiz.app */ = {isa = PBXFileReference; explicitFileType = wrapper.application; includeInIndex = 0; path = "oh my quiz.app"; sourceTree = BUILT_PRODUCTS_DIR; };
		36933E8824576DA600326E67 /* AppDelegate.swift */ = {isa = PBXFileReference; lastKnownFileType = sourcecode.swift; path = AppDelegate.swift; sourceTree = "<group>"; };
		36933E8A24576DA600326E67 /* SceneDelegate.swift */ = {isa = PBXFileReference; lastKnownFileType = sourcecode.swift; path = SceneDelegate.swift; sourceTree = "<group>"; };
		36933E8C24576DA600326E67 /* StartViewController.swift */ = {isa = PBXFileReference; lastKnownFileType = sourcecode.swift; path = StartViewController.swift; sourceTree = "<group>"; };
		36933E8F24576DA600326E67 /* Base */ = {isa = PBXFileReference; lastKnownFileType = file.storyboard; name = Base; path = Base.lproj/Main.storyboard; sourceTree = "<group>"; };
		36933E9124576DAA00326E67 /* Assets.xcassets */ = {isa = PBXFileReference; lastKnownFileType = folder.assetcatalog; path = Assets.xcassets; sourceTree = "<group>"; };
		36933E9424576DAA00326E67 /* Base */ = {isa = PBXFileReference; lastKnownFileType = file.storyboard; name = Base; path = Base.lproj/LaunchScreen.storyboard; sourceTree = "<group>"; };
		36933E9624576DAA00326E67 /* Info.plist */ = {isa = PBXFileReference; lastKnownFileType = text.plist.xml; path = Info.plist; sourceTree = "<group>"; };
		36DF8AD224630E20009C4F7C /* QuizViewController.swift */ = {isa = PBXFileReference; lastKnownFileType = sourcecode.swift; path = QuizViewController.swift; sourceTree = "<group>"; };
		36DF8AD424630E32009C4F7C /* ScoreViewController.swift */ = {isa = PBXFileReference; lastKnownFileType = sourcecode.swift; path = ScoreViewController.swift; sourceTree = "<group>"; };
/* End PBXFileReference section */

/* Begin PBXFrameworksBuildPhase section */
		36933E8224576DA600326E67 /* Frameworks */ = {
			isa = PBXFrameworksBuildPhase;
			buildActionMask = 2147483647;
			files = (
			);
			runOnlyForDeploymentPostprocessing = 0;
		};
/* End PBXFrameworksBuildPhase section */

/* Begin PBXGroup section */
		368F920E2457ACD5003683C1 /* Controller */ = {
			isa = PBXGroup;
			children = (
				36933E8C24576DA600326E67 /* StartViewController.swift */,
				36DF8AD224630E20009C4F7C /* QuizViewController.swift */,
				36DF8AD424630E32009C4F7C /* ScoreViewController.swift */,
			);
			path = Controller;
			sourceTree = "<group>";
		};
		368F920F2457ACDF003683C1 /* View */ = {
			isa = PBXGroup;
			children = (
				36933E8E24576DA600326E67 /* Main.storyboard */,
			);
			path = View;
			sourceTree = "<group>";
		};
		368F92102457ACED003683C1 /* Model */ = {
			isa = PBXGroup;
			children = (
				363D92CB24645E8A005276AB /* Question.swift */,
				363D92CD24645E9F005276AB /* QuizBrain.swift */,
			);
			path = Model;
			sourceTree = "<group>";
		};
		368F92112457ACFC003683C1 /* Fonts */ = {
			isa = PBXGroup;
			children = (
				368F926A2457B618003683C1 /* Montserrat-Black.ttf */,
				368F92672457B618003683C1 /* Montserrat-BlackItalic.ttf */,
				368F925F2457B617003683C1 /* Montserrat-Bold.ttf */,
				368F92632457B618003683C1 /* Montserrat-BoldItalic.ttf */,
				368F92622457B617003683C1 /* Montserrat-ExtraBold.ttf */,
				368F926B2457B618003683C1 /* Montserrat-ExtraBoldItalic.ttf */,
				368F92652457B618003683C1 /* Montserrat-ExtraLight.ttf */,
				368F925E2457B617003683C1 /* Montserrat-ExtraLightItalic.ttf */,
				368F92692457B618003683C1 /* Montserrat-Italic.ttf */,
				368F92682457B618003683C1 /* Montserrat-Light.ttf */,
				368F92662457B618003683C1 /* Montserrat-LightItalic.ttf */,
				368F92612457B617003683C1 /* Montserrat-Medium.ttf */,
				368F92602457B617003683C1 /* Montserrat-MediumItalic.ttf */,
				368F925D2457B617003683C1 /* Montserrat-Regular.ttf */,
				368F92642457B618003683C1 /* Montserrat-SemiBold.ttf */,
				368F925B2457B617003683C1 /* Montserrat-SemiBoldItalic.ttf */,
				368F925A2457B617003683C1 /* Montserrat-Thin.ttf */,
				368F925C2457B617003683C1 /* Montserrat-ThinItalic.ttf */,
			);
			path = Fonts;
			sourceTree = "<group>";
		};
		36933E7C24576DA600326E67 = {
			isa = PBXGroup;
			children = (
				36933E8724576DA600326E67 /* oh my quiz */,
				36933E8624576DA600326E67 /* Products */,
			);
			sourceTree = "<group>";
		};
		36933E8624576DA600326E67 /* Products */ = {
			isa = PBXGroup;
			children = (
				36933E8524576DA600326E67 /* oh my quiz.app */,
			);
			name = Products;
			sourceTree = "<group>";
		};
		36933E8724576DA600326E67 /* oh my quiz */ = {
			isa = PBXGroup;
			children = (
				36933E8824576DA600326E67 /* AppDelegate.swift */,
				36933E8A24576DA600326E67 /* SceneDelegate.swift */,
				368F92102457ACED003683C1 /* Model */,
				368F920F2457ACDF003683C1 /* View */,
				368F920E2457ACD5003683C1 /* Controller */,
				36933E9124576DAA00326E67 /* Assets.xcassets */,
				36933E9324576DAA00326E67 /* LaunchScreen.storyboard */,
				36933E9624576DAA00326E67 /* Info.plist */,
				368F92112457ACFC003683C1 /* Fonts */,
			);
			path = "oh my quiz";
			sourceTree = "<group>";
		};
/* End PBXGroup section */

/* Begin PBXNativeTarget section */
		36933E8424576DA600326E67 /* oh my quiz */ = {
			isa = PBXNativeTarget;
			buildConfigurationList = 36933E9924576DAA00326E67 /* Build configuration list for PBXNativeTarget "oh my quiz" */;
			buildPhases = (
				36933E8124576DA600326E67 /* Sources */,
				36933E8224576DA600326E67 /* Frameworks */,
				36933E8324576DA600326E67 /* Resources */,
			);
			buildRules = (
			);
			dependencies = (
			);
			name = "oh my quiz";
			productName = "oh my quiz";
			productReference = 36933E8524576DA600326E67 /* oh my quiz.app */;
			productType = "com.apple.product-type.application";
		};
/* End PBXNativeTarget section */

/* Begin PBXProject section */
		36933E7D24576DA600326E67 /* Project object */ = {
			isa = PBXProject;
			attributes = {
				LastSwiftUpdateCheck = 1140;
				LastUpgradeCheck = 1140;
				ORGANIZATIONNAME = "Ana Thayna Franca";
				TargetAttributes = {
					36933E8424576DA600326E67 = {
						CreatedOnToolsVersion = 11.4.1;
					};
				};
			};
			buildConfigurationList = 36933E8024576DA600326E67 /* Build configuration list for PBXProject "oh my quiz" */;
			compatibilityVersion = "Xcode 9.3";
			developmentRegion = en;
			hasScannedForEncodings = 0;
			knownRegions = (
				en,
				Base,
			);
			mainGroup = 36933E7C24576DA600326E67;
			productRefGroup = 36933E8624576DA600326E67 /* Products */;
			projectDirPath = "";
			projectRoot = "";
			targets = (
				36933E8424576DA600326E67 /* oh my quiz */,
			);
		};
/* End PBXProject section */

/* Begin PBXResourcesBuildPhase section */
		36933E8324576DA600326E67 /* Resources */ = {
			isa = PBXResourcesBuildPhase;
			buildActionMask = 2147483647;
			files = (
				368F92782457B618003683C1 /* Montserrat-LightItalic.ttf in Resources */,
				368F927C2457B618003683C1 /* Montserrat-Black.ttf in Resources */,
				368F92752457B618003683C1 /* Montserrat-BoldItalic.ttf in Resources */,
				368F92722457B618003683C1 /* Montserrat-MediumItalic.ttf in Resources */,
				368F92792457B618003683C1 /* Montserrat-BlackItalic.ttf in Resources */,
				368F92742457B618003683C1 /* Montserrat-ExtraBold.ttf in Resources */,
				36933E9524576DAA00326E67 /* LaunchScreen.storyboard in Resources */,
				368F927B2457B618003683C1 /* Montserrat-Italic.ttf in Resources */,
				368F92772457B618003683C1 /* Montserrat-ExtraLight.ttf in Resources */,
				368F92702457B618003683C1 /* Montserrat-ExtraLightItalic.ttf in Resources */,
				36933E9224576DAA00326E67 /* Assets.xcassets in Resources */,
				368F926F2457B618003683C1 /* Montserrat-Regular.ttf in Resources */,
				368F926E2457B618003683C1 /* Montserrat-ThinItalic.ttf in Resources */,
				368F92712457B618003683C1 /* Montserrat-Bold.ttf in Resources */,
				368F927A2457B618003683C1 /* Montserrat-Light.ttf in Resources */,
				368F926C2457B618003683C1 /* Montserrat-Thin.ttf in Resources */,
				368F92762457B618003683C1 /* Montserrat-SemiBold.ttf in Resources */,
				368F926D2457B618003683C1 /* Montserrat-SemiBoldItalic.ttf in Resources */,
				368F927D2457B618003683C1 /* Montserrat-ExtraBoldItalic.ttf in Resources */,
				368F92732457B618003683C1 /* Montserrat-Medium.ttf in Resources */,
				36933E9024576DA600326E67 /* Main.storyboard in Resources */,
			);
			runOnlyForDeploymentPostprocessing = 0;
		};
/* End PBXResourcesBuildPhase section */

/* Begin PBXSourcesBuildPhase section */
		36933E8124576DA600326E67 /* Sources */ = {
			isa = PBXSourcesBuildPhase;
			buildActionMask = 2147483647;
			files = (
				36933E8D24576DA600326E67 /* StartViewController.swift in Sources */,
				36933E8924576DA600326E67 /* AppDelegate.swift in Sources */,
				363D92CE24645E9F005276AB /* QuizBrain.swift in Sources */,
				36DF8AD524630E32009C4F7C /* ScoreViewController.swift in Sources */,
				363D92CC24645E8A005276AB /* Question.swift in Sources */,
				36933E8B24576DA600326E67 /* SceneDelegate.swift in Sources */,
				36DF8AD324630E20009C4F7C /* QuizViewController.swift in Sources */,
			);
			runOnlyForDeploymentPostprocessing = 0;
		};
/* End PBXSourcesBuildPhase section */

/* Begin PBXVariantGroup section */
		36933E8E24576DA600326E67 /* Main.storyboard */ = {
			isa = PBXVariantGroup;
			children = (
				36933E8F24576DA600326E67 /* Base */,
			);
			name = Main.storyboard;
			sourceTree = "<group>";
		};
		36933E9324576DAA00326E67 /* LaunchScreen.storyboard */ = {
			isa = PBXVariantGroup;
			children = (
				36933E9424576DAA00326E67 /* Base */,
			);
			name = LaunchScreen.storyboard;
			sourceTree = "<group>";
		};
/* End PBXVariantGroup section */

/* Begin XCBuildConfiguration section */
		36933E9724576DAA00326E67 /* Debug */ = {
			isa = XCBuildConfiguration;
			buildSettings = {
				ALWAYS_SEARCH_USER_PATHS = NO;
				CLANG_ANALYZER_NONNULL = YES;
				CLANG_ANALYZER_NUMBER_OBJECT_CONVERSION = YES_AGGRESSIVE;
				CLANG_CXX_LANGUAGE_STANDARD = "gnu++14";
				CLANG_CXX_LIBRARY = "libc++";
				CLANG_ENABLE_MODULES = YES;
				CLANG_ENABLE_OBJC_ARC = YES;
				CLANG_ENABLE_OBJC_WEAK = YES;
				CLANG_WARN_BLOCK_CAPTURE_AUTORELEASING = YES;
				CLANG_WARN_BOOL_CONVERSION = YES;
				CLANG_WARN_COMMA = YES;
				CLANG_WARN_CONSTANT_CONVERSION = YES;
				CLANG_WARN_DEPRECATED_OBJC_IMPLEMENTATIONS = YES;
				CLANG_WARN_DIRECT_OBJC_ISA_USAGE = YES_ERROR;
				CLANG_WARN_DOCUMENTATION_COMMENTS = YES;
				CLANG_WARN_EMPTY_BODY = YES;
				CLANG_WARN_ENUM_CONVERSION = YES;
				CLANG_WARN_INFINITE_RECURSION = YES;
				CLANG_WARN_INT_CONVERSION = YES;
				CLANG_WARN_NON_LITERAL_NULL_CONVERSION = YES;
				CLANG_WARN_OBJC_IMPLICIT_RETAIN_SELF = YES;
				CLANG_WARN_OBJC_LITERAL_CONVERSION = YES;
				CLANG_WARN_OBJC_ROOT_CLASS = YES_ERROR;
				CLANG_WARN_RANGE_LOOP_ANALYSIS = YES;
				CLANG_WARN_STRICT_PROTOTYPES = YES;
				CLANG_WARN_SUSPICIOUS_MOVE = YES;
				CLANG_WARN_UNGUARDED_AVAILABILITY = YES_AGGRESSIVE;
				CLANG_WARN_UNREACHABLE_CODE = YES;
				CLANG_WARN__DUPLICATE_METHOD_MATCH = YES;
				COPY_PHASE_STRIP = NO;
				DEBUG_INFORMATION_FORMAT = dwarf;
				ENABLE_STRICT_OBJC_MSGSEND = YES;
				ENABLE_TESTABILITY = YES;
				GCC_C_LANGUAGE_STANDARD = gnu11;
				GCC_DYNAMIC_NO_PIC = NO;
				GCC_NO_COMMON_BLOCKS = YES;
				GCC_OPTIMIZATION_LEVEL = 0;
				GCC_PREPROCESSOR_DEFINITIONS = (
					"DEBUG=1",
					"$(inherited)",
				);
				GCC_WARN_64_TO_32_BIT_CONVERSION = YES;
				GCC_WARN_ABOUT_RETURN_TYPE = YES_ERROR;
				GCC_WARN_UNDECLARED_SELECTOR = YES;
				GCC_WARN_UNINITIALIZED_AUTOS = YES_AGGRESSIVE;
				GCC_WARN_UNUSED_FUNCTION = YES;
				GCC_WARN_UNUSED_VARIABLE = YES;
				IPHONEOS_DEPLOYMENT_TARGET = 13.4;
				MTL_ENABLE_DEBUG_INFO = INCLUDE_SOURCE;
				MTL_FAST_MATH = YES;
				ONLY_ACTIVE_ARCH = YES;
				SDKROOT = iphoneos;
				SWIFT_ACTIVE_COMPILATION_CONDITIONS = DEBUG;
				SWIFT_OPTIMIZATION_LEVEL = "-Onone";
			};
			name = Debug;
		};
		36933E9824576DAA00326E67 /* Release */ = {
			isa = XCBuildConfiguration;
			buildSettings = {
				ALWAYS_SEARCH_USER_PATHS = NO;
				CLANG_ANALYZER_NONNULL = YES;
				CLANG_ANALYZER_NUMBER_OBJECT_CONVERSION = YES_AGGRESSIVE;
				CLANG_CXX_LANGUAGE_STANDARD = "gnu++14";
				CLANG_CXX_LIBRARY = "libc++";
				CLANG_ENABLE_MODULES = YES;
				CLANG_ENABLE_OBJC_ARC = YES;
				CLANG_ENABLE_OBJC_WEAK = YES;
				CLANG_WARN_BLOCK_CAPTURE_AUTORELEASING = YES;
				CLANG_WARN_BOOL_CONVERSION = YES;
				CLANG_WARN_COMMA = YES;
				CLANG_WARN_CONSTANT_CONVERSION = YES;
				CLANG_WARN_DEPRECATED_OBJC_IMPLEMENTATIONS = YES;
				CLANG_WARN_DIRECT_OBJC_ISA_USAGE = YES_ERROR;
				CLANG_WARN_DOCUMENTATION_COMMENTS = YES;
				CLANG_WARN_EMPTY_BODY = YES;
				CLANG_WARN_ENUM_CONVERSION = YES;
				CLANG_WARN_INFINITE_RECURSION = YES;
				CLANG_WARN_INT_CONVERSION = YES;
				CLANG_WARN_NON_LITERAL_NULL_CONVERSION = YES;
				CLANG_WARN_OBJC_IMPLICIT_RETAIN_SELF = YES;
				CLANG_WARN_OBJC_LITERAL_CONVERSION = YES;
				CLANG_WARN_OBJC_ROOT_CLASS = YES_ERROR;
				CLANG_WARN_RANGE_LOOP_ANALYSIS = YES;
				CLANG_WARN_STRICT_PROTOTYPES = YES;
				CLANG_WARN_SUSPICIOUS_MOVE = YES;
				CLANG_WARN_UNGUARDED_AVAILABILITY = YES_AGGRESSIVE;
				CLANG_WARN_UNREACHABLE_CODE = YES;
				CLANG_WARN__DUPLICATE_METHOD_MATCH = YES;
				COPY_PHASE_STRIP = NO;
				DEBUG_INFORMATION_FORMAT = "dwarf-with-dsym";
				ENABLE_NS_ASSERTIONS = NO;
				ENABLE_STRICT_OBJC_MSGSEND = YES;
				GCC_C_LANGUAGE_STANDARD = gnu11;
				GCC_NO_COMMON_BLOCKS = YES;
				GCC_WARN_64_TO_32_BIT_CONVERSION = YES;
				GCC_WARN_ABOUT_RETURN_TYPE = YES_ERROR;
				GCC_WARN_UNDECLARED_SELECTOR = YES;
				GCC_WARN_UNINITIALIZED_AUTOS = YES_AGGRESSIVE;
				GCC_WARN_UNUSED_FUNCTION = YES;
				GCC_WARN_UNUSED_VARIABLE = YES;
				IPHONEOS_DEPLOYMENT_TARGET = 13.4;
				MTL_ENABLE_DEBUG_INFO = NO;
				MTL_FAST_MATH = YES;
				SDKROOT = iphoneos;
				SWIFT_COMPILATION_MODE = wholemodule;
				SWIFT_OPTIMIZATION_LEVEL = "-O";
				VALIDATE_PRODUCT = YES;
			};
			name = Release;
		};
		36933E9A24576DAA00326E67 /* Debug */ = {
			isa = XCBuildConfiguration;
			buildSettings = {
				ASSETCATALOG_COMPILER_APPICON_NAME = AppIcon;
				CODE_SIGN_STYLE = Automatic;
				INFOPLIST_FILE = "oh my quiz/Info.plist";
				LD_RUNPATH_SEARCH_PATHS = (
					"$(inherited)",
					"@executable_path/Frameworks",
				);
				PRODUCT_BUNDLE_IDENTIFIER = "com.anathayna.oh-my-quiz";
				PRODUCT_NAME = "$(TARGET_NAME)";
				SWIFT_VERSION = 5.0;
				TARGETED_DEVICE_FAMILY = "1,2";
			};
			name = Debug;
		};
		36933E9B24576DAA00326E67 /* Release */ = {
			isa = XCBuildConfiguration;
			buildSettings = {
				ASSETCATALOG_COMPILER_APPICON_NAME = AppIcon;
				CODE_SIGN_STYLE = Automatic;
				INFOPLIST_FILE = "oh my quiz/Info.plist";
				LD_RUNPATH_SEARCH_PATHS = (
					"$(inherited)",
					"@executable_path/Frameworks",
				);
				PRODUCT_BUNDLE_IDENTIFIER = "com.anathayna.oh-my-quiz";
				PRODUCT_NAME = "$(TARGET_NAME)";
				SWIFT_VERSION = 5.0;
				TARGETED_DEVICE_FAMILY = "1,2";
			};
			name = Release;
		};
/* End XCBuildConfiguration section */

/* Begin XCConfigurationList section */
		36933E8024576DA600326E67 /* Build configuration list for PBXProject "oh my quiz" */ = {
			isa = XCConfigurationList;
			buildConfigurations = (
				36933E9724576DAA00326E67 /* Debug */,
				36933E9824576DAA00326E67 /* Release */,
			);
			defaultConfigurationIsVisible = 0;
			defaultConfigurationName = Release;
		};
		36933E9924576DAA00326E67 /* Build configuration list for PBXNativeTarget "oh my quiz" */ = {
			isa = XCConfigurationList;
			buildConfigurations = (
				36933E9A24576DAA00326E67 /* Debug */,
				36933E9B24576DAA00326E67 /* Release */,
			);
			defaultConfigurationIsVisible = 0;
			defaultConfigurationName = Release;
		};
/* End XCConfigurationList section */
	};
	rootObject = 36933E7D24576DA600326E67 /* Project object */;
}
